
Microsoft Visual Studio Solution File, Format Version 12.00
# Visual Studio Version 16
VisualStudioVersion = 16.0.31410.357
MinimumVisualStudioVersion = 10.0.40219.1
Project("{9A19103F-16F7-4668-BE54-9A1E7A4F7556}") = "Lib", "Lib\Lib.csproj", "{BD18AA2A-8AAB-4C46-9BA8-AF9100778C0E}"
EndProject
Project("{9A19103F-16F7-4668-BE54-9A1E7A4F7556}") = "Lib.Test", "Lib.Test\Lib.Test.csproj", "{62628B93-E193-4FF7-B849-53DFF6532798}"
EndProject
Project("{2150E333-8FDC-42A3-9474-1A3956D46DE8}") = "Solution Items", "Solution Items", "{BC2E6352-0E39-4C89-B889-3FCEAEEF747D}"
	ProjectSection(SolutionItems) = preProject
		.editorconfig = .editorconfig
	EndProjectSection
EndProject
Project("{FAE04EC0-301F-11D3-BF4B-00C04F79EFBC}") = "FineCover", "FineCover\FineCover.csproj", "{A40351B7-DE35-4DA2-86E1-4334047FDFFD}"
EndProject
Global
	GlobalSection(SolutionConfigurationPlatforms) = preSolution
		Debug|Any CPU = Debug|Any CPU
		Release|Any CPU = Release|Any CPU
	EndGlobalSection
	GlobalSection(ProjectConfigurationPlatforms) = postSolution
		{BD18AA2A-8AAB-4C46-9BA8-AF9100778C0E}.Debug|Any CPU.ActiveCfg = Debug|Any CPU
		{BD18AA2A-8AAB-4C46-9BA8-AF9100778C0E}.Debug|Any CPU.Build.0 = Debug|Any CPU
		{BD18AA2A-8AAB-4C46-9BA8-AF9100778C0E}.Release|Any CPU.ActiveCfg = Release|Any CPU
		{BD18AA2A-8AAB-4C46-9BA8-AF9100778C0E}.Release|Any CPU.Build.0 = Release|Any CPU
		{62628B93-E193-4FF7-B849-53DFF6532798}.Debug|Any CPU.ActiveCfg = Debug|Any CPU
		{62628B93-E193-4FF7-B849-53DFF6532798}.Debug|Any CPU.Build.0 = Debug|Any CPU
		{62628B93-E193-4FF7-B849-53DFF6532798}.Release|Any CPU.ActiveCfg = Release|Any CPU
		{62628B93-E193-4FF7-B849-53DFF6532798}.Release|Any CPU.Build.0 = Release|Any CPU
		{A40351B7-DE35-4DA2-86E1-4334047FDFFD}.Debug|Any CPU.ActiveCfg = Debug|Any CPU
		{A40351B7-DE35-4DA2-86E1-4334047FDFFD}.Debug|Any CPU.Build.0 = Debug|Any CPU
		{A40351B7-DE35-4DA2-86E1-4334047FDFFD}.Release|Any CPU.ActiveCfg = Release|Any CPU
		{A40351B7-DE35-4DA2-86E1-4334047FDFFD}.Release|Any CPU.Build.0 = Release|Any CPU
	EndGlobalSection
	GlobalSection(SolutionProperties) = preSolution
		HideSolutionNode = FALSE
	EndGlobalSection
	GlobalSection(ExtensibilityGlobals) = postSolution
		SolutionGuid = {1C3FB206-692E-43E9-9BB0-6F5641AD1D50}
	EndGlobalSection
EndGlobal
